
Microsoft Visual Studio Solution File, Format Version 12.00
# Visual Studio 15
VisualStudioVersion = 15.0.28307.1209
MinimumVisualStudioVersion = 10.0.40219.1
Project("{2150E333-8FDC-42A3-9474-1A3956D46DE8}") = "BaekJoon", "BaekJoon", "{2CE66060-652A-445B-8631-F620ABC54F5C}"
EndProject
Project("{2150E333-8FDC-42A3-9474-1A3956D46DE8}") = "DataStructure", "DataStructure", "{63057049-1CA6-4108-B596-6CECD4A5233B}"
	ProjectSection(SolutionItems) = preProject
		자료구조 설명.txt = 자료구조 설명.txt
	EndProjectSection
EndProject
Project("{FAE04EC0-301F-11D3-BF4B-00C04F79EFBC}") = "Consoleread", "BaekJoon\Consoleread\Consoleread.csproj", "{77EF9894-5EFB-4245-B66F-6E4EC1C9AB6D}"
EndProject
Project("{FAE04EC0-301F-11D3-BF4B-00C04F79EFBC}") = "구구단", "BaekJoon\구구단\구구단.csproj", "{248DD741-63DA-4C88-A3D8-DC1F952E28FF}"
EndProject
Project("{FAE04EC0-301F-11D3-BF4B-00C04F79EFBC}") = "백준알고리즘10952번", "BaekJoon\백준알고리즘\백준알고리즘10952번.csproj", "{00E43D68-555F-44E8-A2A5-BCDEE67ACC1B}"
EndProject
Project("{FAE04EC0-301F-11D3-BF4B-00C04F79EFBC}") = "벌집", "BaekJoon\벌집\벌집.csproj", "{DFC02DC9-10F2-4614-8A58-A77A41E6F54D}"
EndProject
Project("{FAE04EC0-301F-11D3-BF4B-00C04F79EFBC}") = "사분면고르기", "BaekJoon\사분면고르기\사분면고르기.csproj", "{81C15D90-FB32-4BE6-80F0-6E362BB0C1FC}"
EndProject
Project("{FAE04EC0-301F-11D3-BF4B-00C04F79EFBC}") = "알람시계", "BaekJoon\알람시계\알람시계.csproj", "{2A093D17-A83E-4768-8A3A-4B390666BD82}"
EndProject
Project("{FAE04EC0-301F-11D3-BF4B-00C04F79EFBC}") = "ArrayExe1", "DataStructure\ArrayExe1\ArrayExe1.csproj", "{4A68CB38-F261-4EC3-BD99-D9E619C73DB3}"
EndProject
Project("{FAE04EC0-301F-11D3-BF4B-00C04F79EFBC}") = "알고리즘 성능 분석 방법", "DataStructure\알고리즘 성능 분석 방법\알고리즘 성능 분석 방법.csproj", "{47A73394-6AF3-4208-B8D5-45C65C20187D}"
EndProject
Project("{FAE04EC0-301F-11D3-BF4B-00C04F79EFBC}") = "LinkedList", "DataStructure\LinkedList\LinkedList.csproj", "{34915B71-CFC5-4EEB-BF15-DCA74F902192}"
EndProject
Project("{FAE04EC0-301F-11D3-BF4B-00C04F79EFBC}") = "DoublyLinkedList", "DataStructure\DoublyLinkedList\DoublyLinkedList.csproj", "{FFBDDDE7-7B4D-459C-85AF-C35D9EBDFF25}"
EndProject
Project("{FAE04EC0-301F-11D3-BF4B-00C04F79EFBC}") = "CircularLinkedListExe", "DataStructure\CircularLinkedListExe\CircularLinkedListExe.csproj", "{06146152-DB11-4B21-8777-819641107E43}"
EndProject
Project("{FAE04EC0-301F-11D3-BF4B-00C04F79EFBC}") = "이중 연결 리스트(못품)", "BaekJoon\이중 연결 리스트\이중 연결 리스트(못품).csproj", "{F697872F-83EB-42BD-8366-9C14345B0445}"
EndProject
Project("{2150E333-8FDC-42A3-9474-1A3956D46DE8}") = "Internet", "Internet", "{7724653A-3E5C-49BD-86E0-DCF1C83EC280}"
EndProject
Project("{FAE04EC0-301F-11D3-BF4B-00C04F79EFBC}") = "ListLinkedList", "DataStructure\ListLinkedList\ListLinkedList.csproj", "{E2CA2845-2B85-496C-8593-CED308199E06}"
EndProject
Project("{FAE04EC0-301F-11D3-BF4B-00C04F79EFBC}") = "N과M(못품)", "BaekJoon\N과M\N과M(못품).csproj", "{ECB6DF72-63B5-49D1-9E96-EFCA77F7BF78}"
EndProject
Project("{FAE04EC0-301F-11D3-BF4B-00C04F79EFBC}") = "TreeExeNLink", "DataStructure\TreeExe\TreeExeNLink.csproj", "{B1928EEF-1554-4C8C-829D-51786C765DCE}"
EndProject
Project("{FAE04EC0-301F-11D3-BF4B-00C04F79EFBC}") = "TreeLeftChildRightSibling", "DataStructure\LeftChildRightSibling\TreeLeftChildRightSibling.csproj", "{4158318F-8A96-45F6-AAEE-20F5C28DDD47}"
EndProject
Project("{FAE04EC0-301F-11D3-BF4B-00C04F79EFBC}") = "TreeExeNLinkDynamic", "DataStructure\TreeExeNLinkDynamic\TreeExeNLinkDynamic.csproj", "{76CB98DF-03C6-44D0-A295-DE42573CFC6F}"
EndProject
Project("{FAE04EC0-301F-11D3-BF4B-00C04F79EFBC}") = "TreeLCRSExe2", "DataStructure\TreeLCRSExe2\TreeLCRSExe2.csproj", "{0E5769E8-41E1-461D-88BD-C7A0CD69BE9F}"
EndProject
Project("{FAE04EC0-301F-11D3-BF4B-00C04F79EFBC}") = "BinaryLinkedList", "DataStructure\BinaryLinkedList\BinaryLinkedList.csproj", "{ECA43A75-302F-47CF-8159-2C6AE2A40B25}"
EndProject
Project("{FAE04EC0-301F-11D3-BF4B-00C04F79EFBC}") = "BinaryArray", "DataStructure\BinaryArray\BinaryArray.csproj", "{5F2F512B-30A9-4536-A5D8-85B2EF0399AC}"
EndProject
Project("{FAE04EC0-301F-11D3-BF4B-00C04F79EFBC}") = "DeleteDuplicatedArrayNumber", "Internet\DeleteDuplicatedArrayNumber\DeleteDuplicatedArrayNumber.csproj", "{C0E17A62-DD75-4C09-9253-3F1EE168474D}"
EndProject
Project("{FAE04EC0-301F-11D3-BF4B-00C04F79EFBC}") = "1109", "BaekJoon\1109\1109.csproj", "{BAFD876F-FDAB-4374-A003-178895A1D076}"
EndProject
Project("{FAE04EC0-301F-11D3-BF4B-00C04F79EFBC}") = "BinaryTreeExe2", "DataStructure\BinaryTreeExe2\BinaryTreeExe2.csproj", "{D5424755-B823-4B15-BF07-475E0D065FED}"
EndProject
Project("{FAE04EC0-301F-11D3-BF4B-00C04F79EFBC}") = "BinaryTreeClass", "DataStructure\BinaryTreeClass\BinaryTreeClass.csproj", "{EE0D89B8-B186-43D4-9962-EFBD0A0A29BB}"
EndProject
Project("{FAE04EC0-301F-11D3-BF4B-00C04F79EFBC}") = "재귀", "Internet\재귀\재귀.csproj", "{57A9A896-4135-47E0-9E1E-A4FDC63116E4}"
EndProject
Project("{FAE04EC0-301F-11D3-BF4B-00C04F79EFBC}") = "StackExe", "DataStructure\Stack\StackExe.csproj", "{2D997DF2-18BE-4881-8D8C-0F47F788F9CA}"
EndProject
Project("{FAE04EC0-301F-11D3-BF4B-00C04F79EFBC}") = "BinarayTree_수식트리 구축", "DataStructure\BinarayTree_수식트리\BinarayTree_수식트리 구축.csproj", "{EB3DE2D1-C5DC-4CAB-9A56-2261CC46541A}"
EndProject
Project("{FAE04EC0-301F-11D3-BF4B-00C04F79EFBC}") = "Refer", "BaekJoon\Refer\Refer.csproj", "{FDF8FE0A-82BA-45BE-B2EE-AFB0F51E096B}"
EndProject
Project("{FAE04EC0-301F-11D3-BF4B-00C04F79EFBC}") = "문제모음", "BaekJoon\문제모음\문제모음.csproj", "{F844072A-B7F5-4F84-BEE9-0FBF50C8F8CD}"
EndProject
Project("{FAE04EC0-301F-11D3-BF4B-00C04F79EFBC}") = "LCA", "DataStructure\LCA\LCA.csproj", "{C135747F-2997-4731-8DCF-BED9AB39A314}"
EndProject
Project("{FAE04EC0-301F-11D3-BF4B-00C04F79EFBC}") = "수식트리 순회", "DataStructure\수식트리 순회\수식트리 순회.csproj", "{EDE4F7EE-F1A7-4750-A7DD-3CF921766619}"
EndProject
Project("{FAE04EC0-301F-11D3-BF4B-00C04F79EFBC}") = "피보나치", "Internet\피보나치\피보나치.csproj", "{BFF0FD83-E9D2-4F42-A483-F97DE6AA9708}"
EndProject
Project("{FAE04EC0-301F-11D3-BF4B-00C04F79EFBC}") = "조합순열", "Internet\피보나치\조합순열\조합순열.csproj", "{D4EDEF27-FE87-43E3-9BCA-85BFDEF71938}"
EndProject
Project("{2150E333-8FDC-42A3-9474-1A3956D46DE8}") = "Math", "Math", "{7441987F-BC0D-4514-BAC4-E684904944C1}"
EndProject
Project("{FAE04EC0-301F-11D3-BF4B-00C04F79EFBC}") = "Binomial_Memorization", "Math\Binomial_Memorization\Binomial_Memorization.csproj", "{A386755A-E416-46E5-9930-D475C304BCD7}"
EndProject
Project("{FAE04EC0-301F-11D3-BF4B-00C04F79EFBC}") = "행렬 경로 문제", "Math\행렬 경로 문제\행렬 경로 문제.csproj", "{AA67FE16-A7B1-4F04-91F2-0E913C749F57}"
EndProject
Global
	GlobalSection(SolutionConfigurationPlatforms) = preSolution
		Debug|Any CPU = Debug|Any CPU
		Release|Any CPU = Release|Any CPU
	EndGlobalSection
	GlobalSection(ProjectConfigurationPlatforms) = postSolution
		{77EF9894-5EFB-4245-B66F-6E4EC1C9AB6D}.Debug|Any CPU.ActiveCfg = Debug|Any CPU
		{77EF9894-5EFB-4245-B66F-6E4EC1C9AB6D}.Debug|Any CPU.Build.0 = Debug|Any CPU
		{77EF9894-5EFB-4245-B66F-6E4EC1C9AB6D}.Release|Any CPU.ActiveCfg = Release|Any CPU
		{77EF9894-5EFB-4245-B66F-6E4EC1C9AB6D}.Release|Any CPU.Build.0 = Release|Any CPU
		{248DD741-63DA-4C88-A3D8-DC1F952E28FF}.Debug|Any CPU.ActiveCfg = Debug|Any CPU
		{248DD741-63DA-4C88-A3D8-DC1F952E28FF}.Debug|Any CPU.Build.0 = Debug|Any CPU
		{248DD741-63DA-4C88-A3D8-DC1F952E28FF}.Release|Any CPU.ActiveCfg = Release|Any CPU
		{248DD741-63DA-4C88-A3D8-DC1F952E28FF}.Release|Any CPU.Build.0 = Release|Any CPU
		{00E43D68-555F-44E8-A2A5-BCDEE67ACC1B}.Debug|Any CPU.ActiveCfg = Debug|Any CPU
		{00E43D68-555F-44E8-A2A5-BCDEE67ACC1B}.Debug|Any CPU.Build.0 = Debug|Any CPU
		{00E43D68-555F-44E8-A2A5-BCDEE67ACC1B}.Release|Any CPU.ActiveCfg = Release|Any CPU
		{00E43D68-555F-44E8-A2A5-BCDEE67ACC1B}.Release|Any CPU.Build.0 = Release|Any CPU
		{DFC02DC9-10F2-4614-8A58-A77A41E6F54D}.Debug|Any CPU.ActiveCfg = Debug|Any CPU
		{DFC02DC9-10F2-4614-8A58-A77A41E6F54D}.Debug|Any CPU.Build.0 = Debug|Any CPU
		{DFC02DC9-10F2-4614-8A58-A77A41E6F54D}.Release|Any CPU.ActiveCfg = Release|Any CPU
		{DFC02DC9-10F2-4614-8A58-A77A41E6F54D}.Release|Any CPU.Build.0 = Release|Any CPU
		{81C15D90-FB32-4BE6-80F0-6E362BB0C1FC}.Debug|Any CPU.ActiveCfg = Debug|Any CPU
		{81C15D90-FB32-4BE6-80F0-6E362BB0C1FC}.Debug|Any CPU.Build.0 = Debug|Any CPU
		{81C15D90-FB32-4BE6-80F0-6E362BB0C1FC}.Release|Any CPU.ActiveCfg = Release|Any CPU
		{81C15D90-FB32-4BE6-80F0-6E362BB0C1FC}.Release|Any CPU.Build.0 = Release|Any CPU
		{2A093D17-A83E-4768-8A3A-4B390666BD82}.Debug|Any CPU.ActiveCfg = Debug|Any CPU
		{2A093D17-A83E-4768-8A3A-4B390666BD82}.Debug|Any CPU.Build.0 = Debug|Any CPU
		{2A093D17-A83E-4768-8A3A-4B390666BD82}.Release|Any CPU.ActiveCfg = Release|Any CPU
		{2A093D17-A83E-4768-8A3A-4B390666BD82}.Release|Any CPU.Build.0 = Release|Any CPU
		{4A68CB38-F261-4EC3-BD99-D9E619C73DB3}.Debug|Any CPU.ActiveCfg = Debug|Any CPU
		{4A68CB38-F261-4EC3-BD99-D9E619C73DB3}.Debug|Any CPU.Build.0 = Debug|Any CPU
		{4A68CB38-F261-4EC3-BD99-D9E619C73DB3}.Release|Any CPU.ActiveCfg = Release|Any CPU
		{4A68CB38-F261-4EC3-BD99-D9E619C73DB3}.Release|Any CPU.Build.0 = Release|Any CPU
		{47A73394-6AF3-4208-B8D5-45C65C20187D}.Debug|Any CPU.ActiveCfg = Debug|Any CPU
		{47A73394-6AF3-4208-B8D5-45C65C20187D}.Debug|Any CPU.Build.0 = Debug|Any CPU
		{47A73394-6AF3-4208-B8D5-45C65C20187D}.Release|Any CPU.ActiveCfg = Release|Any CPU
		{47A73394-6AF3-4208-B8D5-45C65C20187D}.Release|Any CPU.Build.0 = Release|Any CPU
		{34915B71-CFC5-4EEB-BF15-DCA74F902192}.Debug|Any CPU.ActiveCfg = Debug|Any CPU
		{34915B71-CFC5-4EEB-BF15-DCA74F902192}.Debug|Any CPU.Build.0 = Debug|Any CPU
		{34915B71-CFC5-4EEB-BF15-DCA74F902192}.Release|Any CPU.ActiveCfg = Release|Any CPU
		{34915B71-CFC5-4EEB-BF15-DCA74F902192}.Release|Any CPU.Build.0 = Release|Any CPU
		{FFBDDDE7-7B4D-459C-85AF-C35D9EBDFF25}.Debug|Any CPU.ActiveCfg = Debug|Any CPU
		{FFBDDDE7-7B4D-459C-85AF-C35D9EBDFF25}.Debug|Any CPU.Build.0 = Debug|Any CPU
		{FFBDDDE7-7B4D-459C-85AF-C35D9EBDFF25}.Release|Any CPU.ActiveCfg = Release|Any CPU
		{FFBDDDE7-7B4D-459C-85AF-C35D9EBDFF25}.Release|Any CPU.Build.0 = Release|Any CPU
		{06146152-DB11-4B21-8777-819641107E43}.Debug|Any CPU.ActiveCfg = Debug|Any CPU
		{06146152-DB11-4B21-8777-819641107E43}.Debug|Any CPU.Build.0 = Debug|Any CPU
		{06146152-DB11-4B21-8777-819641107E43}.Release|Any CPU.ActiveCfg = Release|Any CPU
		{06146152-DB11-4B21-8777-819641107E43}.Release|Any CPU.Build.0 = Release|Any CPU
		{F697872F-83EB-42BD-8366-9C14345B0445}.Debug|Any CPU.ActiveCfg = Debug|Any CPU
		{F697872F-83EB-42BD-8366-9C14345B0445}.Debug|Any CPU.Build.0 = Debug|Any CPU
		{F697872F-83EB-42BD-8366-9C14345B0445}.Release|Any CPU.ActiveCfg = Release|Any CPU
		{F697872F-83EB-42BD-8366-9C14345B0445}.Release|Any CPU.Build.0 = Release|Any CPU
		{E2CA2845-2B85-496C-8593-CED308199E06}.Debug|Any CPU.ActiveCfg = Debug|Any CPU
		{E2CA2845-2B85-496C-8593-CED308199E06}.Debug|Any CPU.Build.0 = Debug|Any CPU
		{E2CA2845-2B85-496C-8593-CED308199E06}.Release|Any CPU.ActiveCfg = Release|Any CPU
		{E2CA2845-2B85-496C-8593-CED308199E06}.Release|Any CPU.Build.0 = Release|Any CPU
		{ECB6DF72-63B5-49D1-9E96-EFCA77F7BF78}.Debug|Any CPU.ActiveCfg = Debug|Any CPU
		{ECB6DF72-63B5-49D1-9E96-EFCA77F7BF78}.Debug|Any CPU.Build.0 = Debug|Any CPU
		{ECB6DF72-63B5-49D1-9E96-EFCA77F7BF78}.Release|Any CPU.ActiveCfg = Release|Any CPU
		{ECB6DF72-63B5-49D1-9E96-EFCA77F7BF78}.Release|Any CPU.Build.0 = Release|Any CPU
		{B1928EEF-1554-4C8C-829D-51786C765DCE}.Debug|Any CPU.ActiveCfg = Debug|Any CPU
		{B1928EEF-1554-4C8C-829D-51786C765DCE}.Debug|Any CPU.Build.0 = Debug|Any CPU
		{B1928EEF-1554-4C8C-829D-51786C765DCE}.Release|Any CPU.ActiveCfg = Release|Any CPU
		{B1928EEF-1554-4C8C-829D-51786C765DCE}.Release|Any CPU.Build.0 = Release|Any CPU
		{4158318F-8A96-45F6-AAEE-20F5C28DDD47}.Debug|Any CPU.ActiveCfg = Debug|Any CPU
		{4158318F-8A96-45F6-AAEE-20F5C28DDD47}.Debug|Any CPU.Build.0 = Debug|Any CPU
		{4158318F-8A96-45F6-AAEE-20F5C28DDD47}.Release|Any CPU.ActiveCfg = Release|Any CPU
		{4158318F-8A96-45F6-AAEE-20F5C28DDD47}.Release|Any CPU.Build.0 = Release|Any CPU
		{76CB98DF-03C6-44D0-A295-DE42573CFC6F}.Debug|Any CPU.ActiveCfg = Debug|Any CPU
		{76CB98DF-03C6-44D0-A295-DE42573CFC6F}.Debug|Any CPU.Build.0 = Debug|Any CPU
		{76CB98DF-03C6-44D0-A295-DE42573CFC6F}.Release|Any CPU.ActiveCfg = Release|Any CPU
		{76CB98DF-03C6-44D0-A295-DE42573CFC6F}.Release|Any CPU.Build.0 = Release|Any CPU
		{0E5769E8-41E1-461D-88BD-C7A0CD69BE9F}.Debug|Any CPU.ActiveCfg = Debug|Any CPU
		{0E5769E8-41E1-461D-88BD-C7A0CD69BE9F}.Debug|Any CPU.Build.0 = Debug|Any CPU
		{0E5769E8-41E1-461D-88BD-C7A0CD69BE9F}.Release|Any CPU.ActiveCfg = Release|Any CPU
		{0E5769E8-41E1-461D-88BD-C7A0CD69BE9F}.Release|Any CPU.Build.0 = Release|Any CPU
		{ECA43A75-302F-47CF-8159-2C6AE2A40B25}.Debug|Any CPU.ActiveCfg = Debug|Any CPU
		{ECA43A75-302F-47CF-8159-2C6AE2A40B25}.Debug|Any CPU.Build.0 = Debug|Any CPU
		{ECA43A75-302F-47CF-8159-2C6AE2A40B25}.Release|Any CPU.ActiveCfg = Release|Any CPU
		{ECA43A75-302F-47CF-8159-2C6AE2A40B25}.Release|Any CPU.Build.0 = Release|Any CPU
		{5F2F512B-30A9-4536-A5D8-85B2EF0399AC}.Debug|Any CPU.ActiveCfg = Debug|Any CPU
		{5F2F512B-30A9-4536-A5D8-85B2EF0399AC}.Debug|Any CPU.Build.0 = Debug|Any CPU
		{5F2F512B-30A9-4536-A5D8-85B2EF0399AC}.Release|Any CPU.ActiveCfg = Release|Any CPU
		{5F2F512B-30A9-4536-A5D8-85B2EF0399AC}.Release|Any CPU.Build.0 = Release|Any CPU
		{C0E17A62-DD75-4C09-9253-3F1EE168474D}.Debug|Any CPU.ActiveCfg = Debug|Any CPU
		{C0E17A62-DD75-4C09-9253-3F1EE168474D}.Debug|Any CPU.Build.0 = Debug|Any CPU
		{C0E17A62-DD75-4C09-9253-3F1EE168474D}.Release|Any CPU.ActiveCfg = Release|Any CPU
		{C0E17A62-DD75-4C09-9253-3F1EE168474D}.Release|Any CPU.Build.0 = Release|Any CPU
		{BAFD876F-FDAB-4374-A003-178895A1D076}.Debug|Any CPU.ActiveCfg = Debug|Any CPU
		{BAFD876F-FDAB-4374-A003-178895A1D076}.Debug|Any CPU.Build.0 = Debug|Any CPU
		{BAFD876F-FDAB-4374-A003-178895A1D076}.Release|Any CPU.ActiveCfg = Release|Any CPU
		{BAFD876F-FDAB-4374-A003-178895A1D076}.Release|Any CPU.Build.0 = Release|Any CPU
		{D5424755-B823-4B15-BF07-475E0D065FED}.Debug|Any CPU.ActiveCfg = Debug|Any CPU
		{D5424755-B823-4B15-BF07-475E0D065FED}.Debug|Any CPU.Build.0 = Debug|Any CPU
		{D5424755-B823-4B15-BF07-475E0D065FED}.Release|Any CPU.ActiveCfg = Release|Any CPU
		{D5424755-B823-4B15-BF07-475E0D065FED}.Release|Any CPU.Build.0 = Release|Any CPU
		{EE0D89B8-B186-43D4-9962-EFBD0A0A29BB}.Debug|Any CPU.ActiveCfg = Debug|Any CPU
		{EE0D89B8-B186-43D4-9962-EFBD0A0A29BB}.Debug|Any CPU.Build.0 = Debug|Any CPU
		{EE0D89B8-B186-43D4-9962-EFBD0A0A29BB}.Release|Any CPU.ActiveCfg = Release|Any CPU
		{EE0D89B8-B186-43D4-9962-EFBD0A0A29BB}.Release|Any CPU.Build.0 = Release|Any CPU
		{57A9A896-4135-47E0-9E1E-A4FDC63116E4}.Debug|Any CPU.ActiveCfg = Debug|Any CPU
		{57A9A896-4135-47E0-9E1E-A4FDC63116E4}.Debug|Any CPU.Build.0 = Debug|Any CPU
		{57A9A896-4135-47E0-9E1E-A4FDC63116E4}.Release|Any CPU.ActiveCfg = Release|Any CPU
		{57A9A896-4135-47E0-9E1E-A4FDC63116E4}.Release|Any CPU.Build.0 = Release|Any CPU
		{2D997DF2-18BE-4881-8D8C-0F47F788F9CA}.Debug|Any CPU.ActiveCfg = Debug|Any CPU
		{2D997DF2-18BE-4881-8D8C-0F47F788F9CA}.Debug|Any CPU.Build.0 = Debug|Any CPU
		{2D997DF2-18BE-4881-8D8C-0F47F788F9CA}.Release|Any CPU.ActiveCfg = Release|Any CPU
		{2D997DF2-18BE-4881-8D8C-0F47F788F9CA}.Release|Any CPU.Build.0 = Release|Any CPU
		{EB3DE2D1-C5DC-4CAB-9A56-2261CC46541A}.Debug|Any CPU.ActiveCfg = Debug|Any CPU
		{EB3DE2D1-C5DC-4CAB-9A56-2261CC46541A}.Debug|Any CPU.Build.0 = Debug|Any CPU
		{EB3DE2D1-C5DC-4CAB-9A56-2261CC46541A}.Release|Any CPU.ActiveCfg = Release|Any CPU
		{EB3DE2D1-C5DC-4CAB-9A56-2261CC46541A}.Release|Any CPU.Build.0 = Release|Any CPU
		{FDF8FE0A-82BA-45BE-B2EE-AFB0F51E096B}.Debug|Any CPU.ActiveCfg = Debug|Any CPU
		{FDF8FE0A-82BA-45BE-B2EE-AFB0F51E096B}.Debug|Any CPU.Build.0 = Debug|Any CPU
		{FDF8FE0A-82BA-45BE-B2EE-AFB0F51E096B}.Release|Any CPU.ActiveCfg = Release|Any CPU
		{FDF8FE0A-82BA-45BE-B2EE-AFB0F51E096B}.Release|Any CPU.Build.0 = Release|Any CPU
		{F844072A-B7F5-4F84-BEE9-0FBF50C8F8CD}.Debug|Any CPU.ActiveCfg = Debug|Any CPU
		{F844072A-B7F5-4F84-BEE9-0FBF50C8F8CD}.Debug|Any CPU.Build.0 = Debug|Any CPU
		{F844072A-B7F5-4F84-BEE9-0FBF50C8F8CD}.Release|Any CPU.ActiveCfg = Release|Any CPU
		{F844072A-B7F5-4F84-BEE9-0FBF50C8F8CD}.Release|Any CPU.Build.0 = Release|Any CPU
		{C135747F-2997-4731-8DCF-BED9AB39A314}.Debug|Any CPU.ActiveCfg = Debug|Any CPU
		{C135747F-2997-4731-8DCF-BED9AB39A314}.Debug|Any CPU.Build.0 = Debug|Any CPU
		{C135747F-2997-4731-8DCF-BED9AB39A314}.Release|Any CPU.ActiveCfg = Release|Any CPU
		{C135747F-2997-4731-8DCF-BED9AB39A314}.Release|Any CPU.Build.0 = Release|Any CPU
		{EDE4F7EE-F1A7-4750-A7DD-3CF921766619}.Debug|Any CPU.ActiveCfg = Debug|Any CPU
		{EDE4F7EE-F1A7-4750-A7DD-3CF921766619}.Debug|Any CPU.Build.0 = Debug|Any CPU
		{EDE4F7EE-F1A7-4750-A7DD-3CF921766619}.Release|Any CPU.ActiveCfg = Release|Any CPU
		{EDE4F7EE-F1A7-4750-A7DD-3CF921766619}.Release|Any CPU.Build.0 = Release|Any CPU
		{BFF0FD83-E9D2-4F42-A483-F97DE6AA9708}.Debug|Any CPU.ActiveCfg = Debug|Any CPU
		{BFF0FD83-E9D2-4F42-A483-F97DE6AA9708}.Debug|Any CPU.Build.0 = Debug|Any CPU
		{BFF0FD83-E9D2-4F42-A483-F97DE6AA9708}.Release|Any CPU.ActiveCfg = Release|Any CPU
		{BFF0FD83-E9D2-4F42-A483-F97DE6AA9708}.Release|Any CPU.Build.0 = Release|Any CPU
		{D4EDEF27-FE87-43E3-9BCA-85BFDEF71938}.Debug|Any CPU.ActiveCfg = Debug|Any CPU
		{D4EDEF27-FE87-43E3-9BCA-85BFDEF71938}.Debug|Any CPU.Build.0 = Debug|Any CPU
		{D4EDEF27-FE87-43E3-9BCA-85BFDEF71938}.Release|Any CPU.ActiveCfg = Release|Any CPU
		{D4EDEF27-FE87-43E3-9BCA-85BFDEF71938}.Release|Any CPU.Build.0 = Release|Any CPU
		{A386755A-E416-46E5-9930-D475C304BCD7}.Debug|Any CPU.ActiveCfg = Debug|Any CPU
		{A386755A-E416-46E5-9930-D475C304BCD7}.Debug|Any CPU.Build.0 = Debug|Any CPU
		{A386755A-E416-46E5-9930-D475C304BCD7}.Release|Any CPU.ActiveCfg = Release|Any CPU
		{A386755A-E416-46E5-9930-D475C304BCD7}.Release|Any CPU.Build.0 = Release|Any CPU
		{AA67FE16-A7B1-4F04-91F2-0E913C749F57}.Debug|Any CPU.ActiveCfg = Debug|Any CPU
		{AA67FE16-A7B1-4F04-91F2-0E913C749F57}.Debug|Any CPU.Build.0 = Debug|Any CPU
		{AA67FE16-A7B1-4F04-91F2-0E913C749F57}.Release|Any CPU.ActiveCfg = Release|Any CPU
		{AA67FE16-A7B1-4F04-91F2-0E913C749F57}.Release|Any CPU.Build.0 = Release|Any CPU
	EndGlobalSection
	GlobalSection(SolutionProperties) = preSolution
		HideSolutionNode = FALSE
	EndGlobalSection
	GlobalSection(NestedProjects) = preSolution
		{77EF9894-5EFB-4245-B66F-6E4EC1C9AB6D} = {2CE66060-652A-445B-8631-F620ABC54F5C}
		{248DD741-63DA-4C88-A3D8-DC1F952E28FF} = {2CE66060-652A-445B-8631-F620ABC54F5C}
		{00E43D68-555F-44E8-A2A5-BCDEE67ACC1B} = {2CE66060-652A-445B-8631-F620ABC54F5C}
		{DFC02DC9-10F2-4614-8A58-A77A41E6F54D} = {2CE66060-652A-445B-8631-F620ABC54F5C}
		{81C15D90-FB32-4BE6-80F0-6E362BB0C1FC} = {2CE66060-652A-445B-8631-F620ABC54F5C}
		{2A093D17-A83E-4768-8A3A-4B390666BD82} = {2CE66060-652A-445B-8631-F620ABC54F5C}
		{4A68CB38-F261-4EC3-BD99-D9E619C73DB3} = {63057049-1CA6-4108-B596-6CECD4A5233B}
		{47A73394-6AF3-4208-B8D5-45C65C20187D} = {63057049-1CA6-4108-B596-6CECD4A5233B}
		{34915B71-CFC5-4EEB-BF15-DCA74F902192} = {63057049-1CA6-4108-B596-6CECD4A5233B}
		{FFBDDDE7-7B4D-459C-85AF-C35D9EBDFF25} = {63057049-1CA6-4108-B596-6CECD4A5233B}
		{06146152-DB11-4B21-8777-819641107E43} = {63057049-1CA6-4108-B596-6CECD4A5233B}
		{F697872F-83EB-42BD-8366-9C14345B0445} = {2CE66060-652A-445B-8631-F620ABC54F5C}
		{E2CA2845-2B85-496C-8593-CED308199E06} = {63057049-1CA6-4108-B596-6CECD4A5233B}
		{ECB6DF72-63B5-49D1-9E96-EFCA77F7BF78} = {2CE66060-652A-445B-8631-F620ABC54F5C}
		{B1928EEF-1554-4C8C-829D-51786C765DCE} = {63057049-1CA6-4108-B596-6CECD4A5233B}
		{4158318F-8A96-45F6-AAEE-20F5C28DDD47} = {63057049-1CA6-4108-B596-6CECD4A5233B}
		{76CB98DF-03C6-44D0-A295-DE42573CFC6F} = {63057049-1CA6-4108-B596-6CECD4A5233B}
		{0E5769E8-41E1-461D-88BD-C7A0CD69BE9F} = {63057049-1CA6-4108-B596-6CECD4A5233B}
		{ECA43A75-302F-47CF-8159-2C6AE2A40B25} = {63057049-1CA6-4108-B596-6CECD4A5233B}
		{5F2F512B-30A9-4536-A5D8-85B2EF0399AC} = {63057049-1CA6-4108-B596-6CECD4A5233B}
		{C0E17A62-DD75-4C09-9253-3F1EE168474D} = {7724653A-3E5C-49BD-86E0-DCF1C83EC280}
		{BAFD876F-FDAB-4374-A003-178895A1D076} = {2CE66060-652A-445B-8631-F620ABC54F5C}
		{D5424755-B823-4B15-BF07-475E0D065FED} = {63057049-1CA6-4108-B596-6CECD4A5233B}
		{EE0D89B8-B186-43D4-9962-EFBD0A0A29BB} = {63057049-1CA6-4108-B596-6CECD4A5233B}
		{57A9A896-4135-47E0-9E1E-A4FDC63116E4} = {7724653A-3E5C-49BD-86E0-DCF1C83EC280}
		{2D997DF2-18BE-4881-8D8C-0F47F788F9CA} = {63057049-1CA6-4108-B596-6CECD4A5233B}
		{EB3DE2D1-C5DC-4CAB-9A56-2261CC46541A} = {63057049-1CA6-4108-B596-6CECD4A5233B}
		{FDF8FE0A-82BA-45BE-B2EE-AFB0F51E096B} = {2CE66060-652A-445B-8631-F620ABC54F5C}
		{F844072A-B7F5-4F84-BEE9-0FBF50C8F8CD} = {2CE66060-652A-445B-8631-F620ABC54F5C}
		{C135747F-2997-4731-8DCF-BED9AB39A314} = {63057049-1CA6-4108-B596-6CECD4A5233B}
		{EDE4F7EE-F1A7-4750-A7DD-3CF921766619} = {63057049-1CA6-4108-B596-6CECD4A5233B}
		{BFF0FD83-E9D2-4F42-A483-F97DE6AA9708} = {7724653A-3E5C-49BD-86E0-DCF1C83EC280}
		{D4EDEF27-FE87-43E3-9BCA-85BFDEF71938} = {7724653A-3E5C-49BD-86E0-DCF1C83EC280}
		{A386755A-E416-46E5-9930-D475C304BCD7} = {7441987F-BC0D-4514-BAC4-E684904944C1}
		{AA67FE16-A7B1-4F04-91F2-0E913C749F57} = {7441987F-BC0D-4514-BAC4-E684904944C1}
	EndGlobalSection
	GlobalSection(ExtensibilityGlobals) = postSolution
		SolutionGuid = {6A7CBEA5-E02E-4F8A-9B41-CFB2701E259A}
	EndGlobalSection
EndGlobal
