
Microsoft Visual Studio Solution File, Format Version 12.00
# Visual Studio 15
VisualStudioVersion = 15.0.28307.1209
MinimumVisualStudioVersion = 10.0.40219.1
Project("{2150E333-8FDC-42A3-9474-1A3956D46DE8}") = "BaekJoon", "BaekJoon", "{2CE66060-652A-445B-8631-F620ABC54F5C}"
EndProject
Project("{2150E333-8FDC-42A3-9474-1A3956D46DE8}") = "DataStructure", "DataStructure", "{63057049-1CA6-4108-B596-6CECD4A5233B}"
	ProjectSection(SolutionItems) = preProject
		자료구조 설명.txt = 자료구조 설명.txt
	EndProjectSection
EndProject
Project("{FAE04EC0-301F-11D3-BF4B-00C04F79EFBC}") = "Consoleread", "BaekJoon\Consoleread\Consoleread.csproj", "{77EF9894-5EFB-4245-B66F-6E4EC1C9AB6D}"
EndProject
Project("{FAE04EC0-301F-11D3-BF4B-00C04F79EFBC}") = "구구단", "BaekJoon\구구단\구구단.csproj", "{248DD741-63DA-4C88-A3D8-DC1F952E28FF}"
EndProject
Project("{FAE04EC0-301F-11D3-BF4B-00C04F79EFBC}") = "백준알고리즘10952번", "BaekJoon\백준알고리즘\백준알고리즘10952번.csproj", "{00E43D68-555F-44E8-A2A5-BCDEE67ACC1B}"
EndProject
Project("{FAE04EC0-301F-11D3-BF4B-00C04F79EFBC}") = "벌집", "BaekJoon\벌집\벌집.csproj", "{DFC02DC9-10F2-4614-8A58-A77A41E6F54D}"
EndProject
Project("{FAE04EC0-301F-11D3-BF4B-00C04F79EFBC}") = "사분면고르기", "BaekJoon\사분면고르기\사분면고르기.csproj", "{81C15D90-FB32-4BE6-80F0-6E362BB0C1FC}"
EndProject
Project("{FAE04EC0-301F-11D3-BF4B-00C04F79EFBC}") = "알람시계", "BaekJoon\알람시계\알람시계.csproj", "{2A093D17-A83E-4768-8A3A-4B390666BD82}"
EndProject
Project("{FAE04EC0-301F-11D3-BF4B-00C04F79EFBC}") = "ArrayExe1", "DataStructure\ArrayExe1\ArrayExe1.csproj", "{4A68CB38-F261-4EC3-BD99-D9E619C73DB3}"
EndProject
Project("{FAE04EC0-301F-11D3-BF4B-00C04F79EFBC}") = "알고리즘 성능 분석 방법", "DataStructure\알고리즘 성능 분석 방법\알고리즘 성능 분석 방법.csproj", "{47A73394-6AF3-4208-B8D5-45C65C20187D}"
EndProject
Project("{FAE04EC0-301F-11D3-BF4B-00C04F79EFBC}") = "LinkedList", "DataStructure\LinkedList\LinkedList.csproj", "{34915B71-CFC5-4EEB-BF15-DCA74F902192}"
EndProject
Global
	GlobalSection(SolutionConfigurationPlatforms) = preSolution
		Debug|Any CPU = Debug|Any CPU
		Release|Any CPU = Release|Any CPU
	EndGlobalSection
	GlobalSection(ProjectConfigurationPlatforms) = postSolution
		{77EF9894-5EFB-4245-B66F-6E4EC1C9AB6D}.Debug|Any CPU.ActiveCfg = Debug|Any CPU
		{77EF9894-5EFB-4245-B66F-6E4EC1C9AB6D}.Debug|Any CPU.Build.0 = Debug|Any CPU
		{77EF9894-5EFB-4245-B66F-6E4EC1C9AB6D}.Release|Any CPU.ActiveCfg = Release|Any CPU
		{77EF9894-5EFB-4245-B66F-6E4EC1C9AB6D}.Release|Any CPU.Build.0 = Release|Any CPU
		{248DD741-63DA-4C88-A3D8-DC1F952E28FF}.Debug|Any CPU.ActiveCfg = Debug|Any CPU
		{248DD741-63DA-4C88-A3D8-DC1F952E28FF}.Debug|Any CPU.Build.0 = Debug|Any CPU
		{248DD741-63DA-4C88-A3D8-DC1F952E28FF}.Release|Any CPU.ActiveCfg = Release|Any CPU
		{248DD741-63DA-4C88-A3D8-DC1F952E28FF}.Release|Any CPU.Build.0 = Release|Any CPU
		{00E43D68-555F-44E8-A2A5-BCDEE67ACC1B}.Debug|Any CPU.ActiveCfg = Debug|Any CPU
		{00E43D68-555F-44E8-A2A5-BCDEE67ACC1B}.Debug|Any CPU.Build.0 = Debug|Any CPU
		{00E43D68-555F-44E8-A2A5-BCDEE67ACC1B}.Release|Any CPU.ActiveCfg = Release|Any CPU
		{00E43D68-555F-44E8-A2A5-BCDEE67ACC1B}.Release|Any CPU.Build.0 = Release|Any CPU
		{DFC02DC9-10F2-4614-8A58-A77A41E6F54D}.Debug|Any CPU.ActiveCfg = Debug|Any CPU
		{DFC02DC9-10F2-4614-8A58-A77A41E6F54D}.Debug|Any CPU.Build.0 = Debug|Any CPU
		{DFC02DC9-10F2-4614-8A58-A77A41E6F54D}.Release|Any CPU.ActiveCfg = Release|Any CPU
		{DFC02DC9-10F2-4614-8A58-A77A41E6F54D}.Release|Any CPU.Build.0 = Release|Any CPU
		{81C15D90-FB32-4BE6-80F0-6E362BB0C1FC}.Debug|Any CPU.ActiveCfg = Debug|Any CPU
		{81C15D90-FB32-4BE6-80F0-6E362BB0C1FC}.Debug|Any CPU.Build.0 = Debug|Any CPU
		{81C15D90-FB32-4BE6-80F0-6E362BB0C1FC}.Release|Any CPU.ActiveCfg = Release|Any CPU
		{81C15D90-FB32-4BE6-80F0-6E362BB0C1FC}.Release|Any CPU.Build.0 = Release|Any CPU
		{2A093D17-A83E-4768-8A3A-4B390666BD82}.Debug|Any CPU.ActiveCfg = Debug|Any CPU
		{2A093D17-A83E-4768-8A3A-4B390666BD82}.Debug|Any CPU.Build.0 = Debug|Any CPU
		{2A093D17-A83E-4768-8A3A-4B390666BD82}.Release|Any CPU.ActiveCfg = Release|Any CPU
		{2A093D17-A83E-4768-8A3A-4B390666BD82}.Release|Any CPU.Build.0 = Release|Any CPU
		{4A68CB38-F261-4EC3-BD99-D9E619C73DB3}.Debug|Any CPU.ActiveCfg = Debug|Any CPU
		{4A68CB38-F261-4EC3-BD99-D9E619C73DB3}.Debug|Any CPU.Build.0 = Debug|Any CPU
		{4A68CB38-F261-4EC3-BD99-D9E619C73DB3}.Release|Any CPU.ActiveCfg = Release|Any CPU
		{4A68CB38-F261-4EC3-BD99-D9E619C73DB3}.Release|Any CPU.Build.0 = Release|Any CPU
		{47A73394-6AF3-4208-B8D5-45C65C20187D}.Debug|Any CPU.ActiveCfg = Debug|Any CPU
		{47A73394-6AF3-4208-B8D5-45C65C20187D}.Debug|Any CPU.Build.0 = Debug|Any CPU
		{47A73394-6AF3-4208-B8D5-45C65C20187D}.Release|Any CPU.ActiveCfg = Release|Any CPU
		{47A73394-6AF3-4208-B8D5-45C65C20187D}.Release|Any CPU.Build.0 = Release|Any CPU
		{34915B71-CFC5-4EEB-BF15-DCA74F902192}.Debug|Any CPU.ActiveCfg = Debug|Any CPU
		{34915B71-CFC5-4EEB-BF15-DCA74F902192}.Debug|Any CPU.Build.0 = Debug|Any CPU
		{34915B71-CFC5-4EEB-BF15-DCA74F902192}.Release|Any CPU.ActiveCfg = Release|Any CPU
		{34915B71-CFC5-4EEB-BF15-DCA74F902192}.Release|Any CPU.Build.0 = Release|Any CPU
	EndGlobalSection
	GlobalSection(SolutionProperties) = preSolution
		HideSolutionNode = FALSE
	EndGlobalSection
	GlobalSection(NestedProjects) = preSolution
		{77EF9894-5EFB-4245-B66F-6E4EC1C9AB6D} = {2CE66060-652A-445B-8631-F620ABC54F5C}
		{248DD741-63DA-4C88-A3D8-DC1F952E28FF} = {2CE66060-652A-445B-8631-F620ABC54F5C}
		{00E43D68-555F-44E8-A2A5-BCDEE67ACC1B} = {2CE66060-652A-445B-8631-F620ABC54F5C}
		{DFC02DC9-10F2-4614-8A58-A77A41E6F54D} = {2CE66060-652A-445B-8631-F620ABC54F5C}
		{81C15D90-FB32-4BE6-80F0-6E362BB0C1FC} = {2CE66060-652A-445B-8631-F620ABC54F5C}
		{2A093D17-A83E-4768-8A3A-4B390666BD82} = {2CE66060-652A-445B-8631-F620ABC54F5C}
		{4A68CB38-F261-4EC3-BD99-D9E619C73DB3} = {63057049-1CA6-4108-B596-6CECD4A5233B}
		{47A73394-6AF3-4208-B8D5-45C65C20187D} = {63057049-1CA6-4108-B596-6CECD4A5233B}
		{34915B71-CFC5-4EEB-BF15-DCA74F902192} = {63057049-1CA6-4108-B596-6CECD4A5233B}
	EndGlobalSection
	GlobalSection(ExtensibilityGlobals) = postSolution
		SolutionGuid = {6A7CBEA5-E02E-4F8A-9B41-CFB2701E259A}
	EndGlobalSection
EndGlobal
