
Microsoft Visual Studio Solution File, Format Version 12.00
# Visual Studio 15
VisualStudioVersion = 15.0.28307.1209
MinimumVisualStudioVersion = 10.0.40219.1
Project("{FAE04EC0-301F-11D3-BF4B-00C04F79EFBC}") = "백준알고리즘10952번", "백준알고리즘\백준알고리즘10952번.csproj", "{00E43D68-555F-44E8-A2A5-BCDEE67ACC1B}"
EndProject
Project("{FAE04EC0-301F-11D3-BF4B-00C04F79EFBC}") = "사분면고르기", "사분면고르기\사분면고르기.csproj", "{81C15D90-FB32-4BE6-80F0-6E362BB0C1FC}"
EndProject
Project("{FAE04EC0-301F-11D3-BF4B-00C04F79EFBC}") = "구구단", "구구단\구구단.csproj", "{248DD741-63DA-4C88-A3D8-DC1F952E28FF}"
EndProject
Project("{FAE04EC0-301F-11D3-BF4B-00C04F79EFBC}") = "알람시계", "알람시계\알람시계.csproj", "{2A093D17-A83E-4768-8A3A-4B390666BD82}"
EndProject
Project("{FAE04EC0-301F-11D3-BF4B-00C04F79EFBC}") = "Consoleread", "Consoleread\Consoleread.csproj", "{77EF9894-5EFB-4245-B66F-6E4EC1C9AB6D}"
EndProject
Project("{FAE04EC0-301F-11D3-BF4B-00C04F79EFBC}") = "벌집", "벌집\벌집.csproj", "{DFC02DC9-10F2-4614-8A58-A77A41E6F54D}"
EndProject
Global
	GlobalSection(SolutionConfigurationPlatforms) = preSolution
		Debug|Any CPU = Debug|Any CPU
		Release|Any CPU = Release|Any CPU
	EndGlobalSection
	GlobalSection(ProjectConfigurationPlatforms) = postSolution
		{00E43D68-555F-44E8-A2A5-BCDEE67ACC1B}.Debug|Any CPU.ActiveCfg = Debug|Any CPU
		{00E43D68-555F-44E8-A2A5-BCDEE67ACC1B}.Debug|Any CPU.Build.0 = Debug|Any CPU
		{00E43D68-555F-44E8-A2A5-BCDEE67ACC1B}.Release|Any CPU.ActiveCfg = Release|Any CPU
		{00E43D68-555F-44E8-A2A5-BCDEE67ACC1B}.Release|Any CPU.Build.0 = Release|Any CPU
		{81C15D90-FB32-4BE6-80F0-6E362BB0C1FC}.Debug|Any CPU.ActiveCfg = Debug|Any CPU
		{81C15D90-FB32-4BE6-80F0-6E362BB0C1FC}.Debug|Any CPU.Build.0 = Debug|Any CPU
		{81C15D90-FB32-4BE6-80F0-6E362BB0C1FC}.Release|Any CPU.ActiveCfg = Release|Any CPU
		{81C15D90-FB32-4BE6-80F0-6E362BB0C1FC}.Release|Any CPU.Build.0 = Release|Any CPU
		{248DD741-63DA-4C88-A3D8-DC1F952E28FF}.Debug|Any CPU.ActiveCfg = Debug|Any CPU
		{248DD741-63DA-4C88-A3D8-DC1F952E28FF}.Debug|Any CPU.Build.0 = Debug|Any CPU
		{248DD741-63DA-4C88-A3D8-DC1F952E28FF}.Release|Any CPU.ActiveCfg = Release|Any CPU
		{248DD741-63DA-4C88-A3D8-DC1F952E28FF}.Release|Any CPU.Build.0 = Release|Any CPU
		{2A093D17-A83E-4768-8A3A-4B390666BD82}.Debug|Any CPU.ActiveCfg = Debug|Any CPU
		{2A093D17-A83E-4768-8A3A-4B390666BD82}.Debug|Any CPU.Build.0 = Debug|Any CPU
		{2A093D17-A83E-4768-8A3A-4B390666BD82}.Release|Any CPU.ActiveCfg = Release|Any CPU
		{2A093D17-A83E-4768-8A3A-4B390666BD82}.Release|Any CPU.Build.0 = Release|Any CPU
		{77EF9894-5EFB-4245-B66F-6E4EC1C9AB6D}.Debug|Any CPU.ActiveCfg = Debug|Any CPU
		{77EF9894-5EFB-4245-B66F-6E4EC1C9AB6D}.Debug|Any CPU.Build.0 = Debug|Any CPU
		{77EF9894-5EFB-4245-B66F-6E4EC1C9AB6D}.Release|Any CPU.ActiveCfg = Release|Any CPU
		{77EF9894-5EFB-4245-B66F-6E4EC1C9AB6D}.Release|Any CPU.Build.0 = Release|Any CPU
		{DFC02DC9-10F2-4614-8A58-A77A41E6F54D}.Debug|Any CPU.ActiveCfg = Debug|Any CPU
		{DFC02DC9-10F2-4614-8A58-A77A41E6F54D}.Debug|Any CPU.Build.0 = Debug|Any CPU
		{DFC02DC9-10F2-4614-8A58-A77A41E6F54D}.Release|Any CPU.ActiveCfg = Release|Any CPU
		{DFC02DC9-10F2-4614-8A58-A77A41E6F54D}.Release|Any CPU.Build.0 = Release|Any CPU
	EndGlobalSection
	GlobalSection(SolutionProperties) = preSolution
		HideSolutionNode = FALSE
	EndGlobalSection
	GlobalSection(ExtensibilityGlobals) = postSolution
		SolutionGuid = {6A7CBEA5-E02E-4F8A-9B41-CFB2701E259A}
	EndGlobalSection
EndGlobal
